
Microsoft Visual Studio Solution File, Format Version 12.00
# Visual Studio Version 17
VisualStudioVersion = 17.11.35219.272
MinimumVisualStudioVersion = 10.0.40219.1
Project("{9A19103F-16F7-4668-BE54-9A1E7A4F7556}") = "FinancNet", "FinancNet\FinancNet.csproj", "{382BA9E4-EF5C-468A-948D-27696F2C1E32}"
EndProject
Project("{E53339B2-1760-4266-BCC7-CA923CBCF16C}") = "docker-compose", "docker-compose.dcproj", "{D99E962F-ABB7-4B12-931E-34D44F35CBC2}"
EndProject
Global
	GlobalSection(SolutionConfigurationPlatforms) = preSolution
		Debug|Any CPU = Debug|Any CPU
		Release|Any CPU = Release|Any CPU
	EndGlobalSection
	GlobalSection(ProjectConfigurationPlatforms) = postSolution
		{382BA9E4-EF5C-468A-948D-27696F2C1E32}.Debug|Any CPU.ActiveCfg = Debug|Any CPU
		{382BA9E4-EF5C-468A-948D-27696F2C1E32}.Debug|Any CPU.Build.0 = Debug|Any CPU
		{382BA9E4-EF5C-468A-948D-27696F2C1E32}.Release|Any CPU.ActiveCfg = Release|Any CPU
		{382BA9E4-EF5C-468A-948D-27696F2C1E32}.Release|Any CPU.Build.0 = Release|Any CPU
		{D99E962F-ABB7-4B12-931E-34D44F35CBC2}.Debug|Any CPU.ActiveCfg = Debug|Any CPU
		{D99E962F-ABB7-4B12-931E-34D44F35CBC2}.Debug|Any CPU.Build.0 = Debug|Any CPU
		{D99E962F-ABB7-4B12-931E-34D44F35CBC2}.Release|Any CPU.ActiveCfg = Release|Any CPU
		{D99E962F-ABB7-4B12-931E-34D44F35CBC2}.Release|Any CPU.Build.0 = Release|Any CPU
	EndGlobalSection
	GlobalSection(SolutionProperties) = preSolution
		HideSolutionNode = FALSE
	EndGlobalSection
	GlobalSection(ExtensibilityGlobals) = postSolution
		SolutionGuid = {763936CE-4CEA-42F8-8BDF-5649E6CFC72D}
	EndGlobalSection
EndGlobal
