
Microsoft Visual Studio Solution File, Format Version 12.00
# Visual Studio 15
VisualStudioVersion = 15.0.28307.1062
MinimumVisualStudioVersion = 10.0.40219.1
Project("{FAE04EC0-301F-11D3-BF4B-00C04F79EFBC}") = "FinancNet", "FinancNet\FinancNet.csproj", "{5447F066-362A-4774-A510-CF09A4039218}"
EndProject
Global
	GlobalSection(SolutionConfigurationPlatforms) = preSolution
		Debug|Any CPU = Debug|Any CPU
		Release|Any CPU = Release|Any CPU
	EndGlobalSection
	GlobalSection(ProjectConfigurationPlatforms) = postSolution
		{5447F066-362A-4774-A510-CF09A4039218}.Debug|Any CPU.ActiveCfg = Debug|Any CPU
		{5447F066-362A-4774-A510-CF09A4039218}.Debug|Any CPU.Build.0 = Debug|Any CPU
		{5447F066-362A-4774-A510-CF09A4039218}.Release|Any CPU.ActiveCfg = Release|Any CPU
		{5447F066-362A-4774-A510-CF09A4039218}.Release|Any CPU.Build.0 = Release|Any CPU
	EndGlobalSection
	GlobalSection(SolutionProperties) = preSolution
		HideSolutionNode = FALSE
	EndGlobalSection
	GlobalSection(ExtensibilityGlobals) = postSolution
		SolutionGuid = {7286F53E-69C0-4E66-A907-5EF9EDC1D3D6}
	EndGlobalSection
EndGlobal
